
Microsoft Visual Studio Solution File, Format Version 12.00
# Visual Studio Version 16
VisualStudioVersion = 16.0.29509.3
MinimumVisualStudioVersion = 10.0.40219.1
Project("{FAE04EC0-301F-11D3-BF4B-00C04F79EFBC}") = "Hello1", "Hello1\Hello1.csproj", "{D0B6A179-539E-462F-8262-03BA9E4B28B5}"
EndProject
Global
	GlobalSection(SolutionConfigurationPlatforms) = preSolution
		Debug|Any CPU = Debug|Any CPU
		Release|Any CPU = Release|Any CPU
	EndGlobalSection
	GlobalSection(ProjectConfigurationPlatforms) = postSolution
		{D0B6A179-539E-462F-8262-03BA9E4B28B5}.Debug|Any CPU.ActiveCfg = Debug|Any CPU
		{D0B6A179-539E-462F-8262-03BA9E4B28B5}.Debug|Any CPU.Build.0 = Debug|Any CPU
		{D0B6A179-539E-462F-8262-03BA9E4B28B5}.Release|Any CPU.ActiveCfg = Release|Any CPU
		{D0B6A179-539E-462F-8262-03BA9E4B28B5}.Release|Any CPU.Build.0 = Release|Any CPU
	EndGlobalSection
	GlobalSection(SolutionProperties) = preSolution
		HideSolutionNode = FALSE
	EndGlobalSection
	GlobalSection(ExtensibilityGlobals) = postSolution
		SolutionGuid = {C4DFE056-E21E-4FBB-A17B-9EE5D9041471}
	EndGlobalSection
EndGlobal
